
Microsoft Visual Studio Solution File, Format Version 12.00
# Visual Studio Version 17
VisualStudioVersion = 17.4.33205.214
MinimumVisualStudioVersion = 10.0.40219.1
Project("{2150E333-8FDC-42A3-9474-1A3956D46DE8}") = "src", "src", "{F2B66A5F-1A77-4B4B-94AB-ADD3027EC2F6}"
EndProject
Project("{2150E333-8FDC-42A3-9474-1A3956D46DE8}") = "Api", "Api", "{3637CF03-2D7B-412B-8D68-9E4D76FACFD6}"
EndProject
Project("{2150E333-8FDC-42A3-9474-1A3956D46DE8}") = "Common", "Common", "{00CD6624-11A9-4779-97F7-22F345337B17}"
EndProject
Project("{2150E333-8FDC-42A3-9474-1A3956D46DE8}") = "Projections", "Projections", "{E25F8DDA-2513-4859-81A6-A148E41E112A}"
EndProject
Project("{2150E333-8FDC-42A3-9474-1A3956D46DE8}") = "Clients", "Clients", "{C5889511-7B74-400B-A549-B6A42C804EB7}"
EndProject
Project("{2150E333-8FDC-42A3-9474-1A3956D46DE8}") = "Core", "Core", "{882F9D5A-C33D-473E-8434-E7EF4E6B39D8}"
EndProject
Project("{2150E333-8FDC-42A3-9474-1A3956D46DE8}") = "Infrastructure", "Infrastructure", "{5A44728E-2909-4197-A7C8-9709445E0E66}"
EndProject
Project("{2150E333-8FDC-42A3-9474-1A3956D46DE8}") = "WebApi", "WebApi", "{F6FB0EE0-8584-4D36-B1AA-BB851388F8A2}"
EndProject
Project("{2150E333-8FDC-42A3-9474-1A3956D46DE8}") = "BlazorWeb", "BlazorWeb", "{8CAAC9A8-41CD-4396-946E-64A5BBAE7E4E}"
EndProject
Project("{FAE04EC0-301F-11D3-BF4B-00C04F79EFBC}") = "BlazorSozluk.Common", "src\Common\BlazorSozluk.Common\BlazorSozluk.Common.csproj", "{B4B640A5-F0C6-4B4A-B5C5-7DBAECDDE0BA}"
EndProject
Project("{FAE04EC0-301F-11D3-BF4B-00C04F79EFBC}") = "BlazorSozluk.Api.Domain", "src\Api\Core\BlazorSozluk.Api.Domain\BlazorSozluk.Api.Domain.csproj", "{41A3B933-4DDC-47BA-9957-9A75267AA16A}"
EndProject
Project("{FAE04EC0-301F-11D3-BF4B-00C04F79EFBC}") = "BlazorSozluk.Application", "src\Api\Core\BlazorSozluk.Application\BlazorSozluk.Application.csproj", "{F29EFCF7-7BC7-4376-9094-9FCB5E24E16A}"
EndProject
Project("{FAE04EC0-301F-11D3-BF4B-00C04F79EFBC}") = "BlazorSozluk.Infrastructure.Persistence", "src\Api\Infrastructure\BlazorSozluk.Infrastructure.Persistence\BlazorSozluk.Infrastructure.Persistence.csproj", "{94F365B4-7011-4194-8A7B-ECB3A42C67A2}"
EndProject
Project("{FAE04EC0-301F-11D3-BF4B-00C04F79EFBC}") = "BlazorSozluk.Api.WebApi", "src\Api\WebApi\BlazorSozluk.Api.WebApi\BlazorSozluk.Api.WebApi.csproj", "{DA83B2CA-D8A2-4CDC-B747-9E356F0C141B}"
EndProject
Project("{FAE04EC0-301F-11D3-BF4B-00C04F79EFBC}") = "BlazorSozluk.Projections.FavoriteService", "src\Projections\BlazorSozluk.Projections.FavoriteService\BlazorSozluk.Projections.FavoriteService.csproj", "{6E73C283-79A0-480B-868C-95715848C5C8}"
EndProject
Project("{FAE04EC0-301F-11D3-BF4B-00C04F79EFBC}") = "BlazorSozluk.Projections.UserService", "src\Projections\BlazorSozluk.Projections.UserService\BlazorSozluk.Projections.UserService.csproj", "{40D2BEF0-7D25-4518-BB66-AE4D64E21B54}"
EndProject
Project("{FAE04EC0-301F-11D3-BF4B-00C04F79EFBC}") = "BlazorSozluk.Projections.VoteService", "src\Projections\BlazorSozluk.Projections.VoteService\BlazorSozluk.Projections.VoteService.csproj", "{859FCDCB-DC56-477F-A4FD-AE019B97AE1B}"
EndProject
Project("{FAE04EC0-301F-11D3-BF4B-00C04F79EFBC}") = "BlazorSozluk.WebApp", "src\Clients\BlazorWeb\BlazorSozluk.WebApp\BlazorSozluk.WebApp.csproj", "{3B662FDD-45F1-43A9-AFDA-D539C4DF005E}"
EndProject
Global
	GlobalSection(SolutionConfigurationPlatforms) = preSolution
		Debug|Any CPU = Debug|Any CPU
		Release|Any CPU = Release|Any CPU
	EndGlobalSection
	GlobalSection(ProjectConfigurationPlatforms) = postSolution
		{B4B640A5-F0C6-4B4A-B5C5-7DBAECDDE0BA}.Debug|Any CPU.ActiveCfg = Debug|Any CPU
		{B4B640A5-F0C6-4B4A-B5C5-7DBAECDDE0BA}.Debug|Any CPU.Build.0 = Debug|Any CPU
		{B4B640A5-F0C6-4B4A-B5C5-7DBAECDDE0BA}.Release|Any CPU.ActiveCfg = Release|Any CPU
		{B4B640A5-F0C6-4B4A-B5C5-7DBAECDDE0BA}.Release|Any CPU.Build.0 = Release|Any CPU
		{41A3B933-4DDC-47BA-9957-9A75267AA16A}.Debug|Any CPU.ActiveCfg = Debug|Any CPU
		{41A3B933-4DDC-47BA-9957-9A75267AA16A}.Debug|Any CPU.Build.0 = Debug|Any CPU
		{41A3B933-4DDC-47BA-9957-9A75267AA16A}.Release|Any CPU.ActiveCfg = Release|Any CPU
		{41A3B933-4DDC-47BA-9957-9A75267AA16A}.Release|Any CPU.Build.0 = Release|Any CPU
		{F29EFCF7-7BC7-4376-9094-9FCB5E24E16A}.Debug|Any CPU.ActiveCfg = Debug|Any CPU
		{F29EFCF7-7BC7-4376-9094-9FCB5E24E16A}.Debug|Any CPU.Build.0 = Debug|Any CPU
		{F29EFCF7-7BC7-4376-9094-9FCB5E24E16A}.Release|Any CPU.ActiveCfg = Release|Any CPU
		{F29EFCF7-7BC7-4376-9094-9FCB5E24E16A}.Release|Any CPU.Build.0 = Release|Any CPU
		{94F365B4-7011-4194-8A7B-ECB3A42C67A2}.Debug|Any CPU.ActiveCfg = Debug|Any CPU
		{94F365B4-7011-4194-8A7B-ECB3A42C67A2}.Debug|Any CPU.Build.0 = Debug|Any CPU
		{94F365B4-7011-4194-8A7B-ECB3A42C67A2}.Release|Any CPU.ActiveCfg = Release|Any CPU
		{94F365B4-7011-4194-8A7B-ECB3A42C67A2}.Release|Any CPU.Build.0 = Release|Any CPU
		{DA83B2CA-D8A2-4CDC-B747-9E356F0C141B}.Debug|Any CPU.ActiveCfg = Debug|Any CPU
		{DA83B2CA-D8A2-4CDC-B747-9E356F0C141B}.Debug|Any CPU.Build.0 = Debug|Any CPU
		{DA83B2CA-D8A2-4CDC-B747-9E356F0C141B}.Release|Any CPU.ActiveCfg = Release|Any CPU
		{DA83B2CA-D8A2-4CDC-B747-9E356F0C141B}.Release|Any CPU.Build.0 = Release|Any CPU
		{6E73C283-79A0-480B-868C-95715848C5C8}.Debug|Any CPU.ActiveCfg = Debug|Any CPU
		{6E73C283-79A0-480B-868C-95715848C5C8}.Debug|Any CPU.Build.0 = Debug|Any CPU
		{6E73C283-79A0-480B-868C-95715848C5C8}.Release|Any CPU.ActiveCfg = Release|Any CPU
		{6E73C283-79A0-480B-868C-95715848C5C8}.Release|Any CPU.Build.0 = Release|Any CPU
		{40D2BEF0-7D25-4518-BB66-AE4D64E21B54}.Debug|Any CPU.ActiveCfg = Debug|Any CPU
		{40D2BEF0-7D25-4518-BB66-AE4D64E21B54}.Debug|Any CPU.Build.0 = Debug|Any CPU
		{40D2BEF0-7D25-4518-BB66-AE4D64E21B54}.Release|Any CPU.ActiveCfg = Release|Any CPU
		{40D2BEF0-7D25-4518-BB66-AE4D64E21B54}.Release|Any CPU.Build.0 = Release|Any CPU
		{859FCDCB-DC56-477F-A4FD-AE019B97AE1B}.Debug|Any CPU.ActiveCfg = Debug|Any CPU
		{859FCDCB-DC56-477F-A4FD-AE019B97AE1B}.Debug|Any CPU.Build.0 = Debug|Any CPU
		{859FCDCB-DC56-477F-A4FD-AE019B97AE1B}.Release|Any CPU.ActiveCfg = Release|Any CPU
		{859FCDCB-DC56-477F-A4FD-AE019B97AE1B}.Release|Any CPU.Build.0 = Release|Any CPU
		{3B662FDD-45F1-43A9-AFDA-D539C4DF005E}.Debug|Any CPU.ActiveCfg = Debug|Any CPU
		{3B662FDD-45F1-43A9-AFDA-D539C4DF005E}.Debug|Any CPU.Build.0 = Debug|Any CPU
		{3B662FDD-45F1-43A9-AFDA-D539C4DF005E}.Release|Any CPU.ActiveCfg = Release|Any CPU
		{3B662FDD-45F1-43A9-AFDA-D539C4DF005E}.Release|Any CPU.Build.0 = Release|Any CPU
	EndGlobalSection
	GlobalSection(SolutionProperties) = preSolution
		HideSolutionNode = FALSE
	EndGlobalSection
	GlobalSection(NestedProjects) = preSolution
		{3637CF03-2D7B-412B-8D68-9E4D76FACFD6} = {F2B66A5F-1A77-4B4B-94AB-ADD3027EC2F6}
		{00CD6624-11A9-4779-97F7-22F345337B17} = {F2B66A5F-1A77-4B4B-94AB-ADD3027EC2F6}
		{E25F8DDA-2513-4859-81A6-A148E41E112A} = {F2B66A5F-1A77-4B4B-94AB-ADD3027EC2F6}
		{C5889511-7B74-400B-A549-B6A42C804EB7} = {F2B66A5F-1A77-4B4B-94AB-ADD3027EC2F6}
		{882F9D5A-C33D-473E-8434-E7EF4E6B39D8} = {3637CF03-2D7B-412B-8D68-9E4D76FACFD6}
		{5A44728E-2909-4197-A7C8-9709445E0E66} = {3637CF03-2D7B-412B-8D68-9E4D76FACFD6}
		{F6FB0EE0-8584-4D36-B1AA-BB851388F8A2} = {3637CF03-2D7B-412B-8D68-9E4D76FACFD6}
		{8CAAC9A8-41CD-4396-946E-64A5BBAE7E4E} = {C5889511-7B74-400B-A549-B6A42C804EB7}
		{B4B640A5-F0C6-4B4A-B5C5-7DBAECDDE0BA} = {00CD6624-11A9-4779-97F7-22F345337B17}
		{41A3B933-4DDC-47BA-9957-9A75267AA16A} = {882F9D5A-C33D-473E-8434-E7EF4E6B39D8}
		{F29EFCF7-7BC7-4376-9094-9FCB5E24E16A} = {882F9D5A-C33D-473E-8434-E7EF4E6B39D8}
		{94F365B4-7011-4194-8A7B-ECB3A42C67A2} = {5A44728E-2909-4197-A7C8-9709445E0E66}
		{DA83B2CA-D8A2-4CDC-B747-9E356F0C141B} = {F6FB0EE0-8584-4D36-B1AA-BB851388F8A2}
		{6E73C283-79A0-480B-868C-95715848C5C8} = {E25F8DDA-2513-4859-81A6-A148E41E112A}
		{40D2BEF0-7D25-4518-BB66-AE4D64E21B54} = {E25F8DDA-2513-4859-81A6-A148E41E112A}
		{859FCDCB-DC56-477F-A4FD-AE019B97AE1B} = {E25F8DDA-2513-4859-81A6-A148E41E112A}
		{3B662FDD-45F1-43A9-AFDA-D539C4DF005E} = {8CAAC9A8-41CD-4396-946E-64A5BBAE7E4E}
	EndGlobalSection
	GlobalSection(ExtensibilityGlobals) = postSolution
		SolutionGuid = {072228B2-A7D6-45B3-ACA8-1954C491F2F9}
	EndGlobalSection
EndGlobal
